{
  "name": "nodejs-testing-app",
  "version": "1.0.0",
  "lockfileVersion": 3,
  "requires": true,
  "packages": {
    "": {
      "name": "nodejs-testing-app",
      "version": "1.0.0",
      "dependencies": {
        "usetraceforge": "^0.1.20"
      }
    },
    "node_modules/usetraceforge": {
      "version": "0.1.20",
      "resolved": "https://registry.npmjs.org/usetraceforge/-/usetraceforge-0.1.20.tgz",
      "integrity": "sha512-F3TF28+myjAewDTHAA8Ic7CEuYgqR56ZfXtGGA8r15GOtYBLMA6lpYhv/sSGGDlQii3O3nkPTQbN6fELXl0aPA==",
      "license": "MIT",
      "peerDependencies": {
        "express": ">=4.0.0",
        "react": ">=16.8.0"
      },
      "peerDependenciesMeta": {
        "express": {
          "optional": true
        },
        "react": {
          "optional": true
        }
      }
    }
  }
}
